// !$*UTF8*$!
{
	archiveVersion = 1;
	classes = {
	};
	objectVersion = 46;
	objects = {

/* Begin PBXBuildFile section */
		61E7C79AB33C46A081FB92E6 /* libPods-LEDControl.a in Frameworks */ = {isa = PBXBuildFile; fileRef = D4A120044E91469D83A537E4 /* libPods-LEDControl.a */; };
		A617349819A57EF700BA69E1 /* SWWebCSViewController.m in Sources */ = {isa = PBXBuildFile; fileRef = A617349719A57EF700BA69E1 /* SWWebCSViewController.m */; };
		A617349B19A6BE1B00BA69E1 /* SWScrollingTextCSViewController.m in Sources */ = {isa = PBXBuildFile; fileRef = A617349A19A6BE1B00BA69E1 /* SWScrollingTextCSViewController.m */; };
		A68577A9199FAA55001C291D /* ELCAlbumPickerController.m in Sources */ = {isa = PBXBuildFile; fileRef = A6857793199FAA55001C291D /* ELCAlbumPickerController.m */; };
		A68577AA199FAA55001C291D /* ELCAsset.m in Sources */ = {isa = PBXBuildFile; fileRef = A6857795199FAA55001C291D /* ELCAsset.m */; };
		A68577AB199FAA55001C291D /* ELCAssetCell.m in Sources */ = {isa = PBXBuildFile; fileRef = A6857797199FAA55001C291D /* ELCAssetCell.m */; };
		A68577AC199FAA55001C291D /* ELCAssetTablePicker.m in Sources */ = {isa = PBXBuildFile; fileRef = A685779B199FAA55001C291D /* ELCAssetTablePicker.m */; };
		A68577AD199FAA55001C291D /* ELCConsole.m in Sources */ = {isa = PBXBuildFile; fileRef = A685779D199FAA55001C291D /* ELCConsole.m */; };
		A68577AE199FAA55001C291D /* ELCImagePickerController.m in Sources */ = {isa = PBXBuildFile; fileRef = A685779F199FAA55001C291D /* ELCImagePickerController.m */; };
		A68577AF199FAA55001C291D /* ELCOverlayImageView.m in Sources */ = {isa = PBXBuildFile; fileRef = A68577A2199FAA55001C291D /* ELCOverlayImageView.m */; };
		A68577B0199FAA55001C291D /* ELCAlbumPickerController.xib in Resources */ = {isa = PBXBuildFile; fileRef = A68577A4199FAA55001C291D /* ELCAlbumPickerController.xib */; };
		A68577B1199FAA55001C291D /* ELCAssetPicker.xib in Resources */ = {isa = PBXBuildFile; fileRef = A68577A5199FAA55001C291D /* ELCAssetPicker.xib */; };
		A68577B2199FAA55001C291D /* ELCAssetTablePicker.xib in Resources */ = {isa = PBXBuildFile; fileRef = A68577A6199FAA55001C291D /* ELCAssetTablePicker.xib */; };
		A68577B3199FAA55001C291D /* Overlay.png in Resources */ = {isa = PBXBuildFile; fileRef = A68577A7199FAA55001C291D /* Overlay.png */; };
		A68577B4199FAA55001C291D /* Overlay@2x.png in Resources */ = {isa = PBXBuildFile; fileRef = A68577A8199FAA55001C291D /* Overlay@2x.png */; };
		A68577BD199FAA88001C291D /* EYLargePhoto.m in Sources */ = {isa = PBXBuildFile; fileRef = A68577B7199FAA88001C291D /* EYLargePhoto.m */; };
		A68577BE199FAA88001C291D /* EYLargePhotoManager.m in Sources */ = {isa = PBXBuildFile; fileRef = A68577BA199FAA88001C291D /* EYLargePhotoManager.m */; };
		A68577BF199FAA88001C291D /* UIImage+EYFixOrientation.m in Sources */ = {isa = PBXBuildFile; fileRef = A68577BC199FAA88001C291D /* UIImage+EYFixOrientation.m */; };
		A68577C1199FC53A001C291D /* AssetsLibrary.framework in Frameworks */ = {isa = PBXBuildFile; fileRef = A68577C0199FC53A001C291D /* AssetsLibrary.framework */; };
		A698B3B819A45726009F1339 /* bomb_25x25@2x.png in Resources */ = {isa = PBXBuildFile; fileRef = A698B3B619A45726009F1339 /* bomb_25x25@2x.png */; };
		A698B3B919A45726009F1339 /* pills_25x25@2x.png in Resources */ = {isa = PBXBuildFile; fileRef = A698B3B719A45726009F1339 /* pills_25x25@2x.png */; };
		A6D3B424199F2EF300862D65 /* SWWebSocketViewController.m in Sources */ = {isa = PBXBuildFile; fileRef = A6D3B423199F2EF300862D65 /* SWWebSocketViewController.m */; };
		A6D3B42F199F2F0200862D65 /* CaptureAndSendBitmapOperation.m in Sources */ = {isa = PBXBuildFile; fileRef = A6D3B429199F2F0200862D65 /* CaptureAndSendBitmapOperation.m */; };
		A6D3B430199F2F0200862D65 /* SWContentStreamViewController.m in Sources */ = {isa = PBXBuildFile; fileRef = A6D3B42B199F2F0200862D65 /* SWContentStreamViewController.m */; };
		A6D3B431199F2F0200862D65 /* SWSlideshowCSViewController.m in Sources */ = {isa = PBXBuildFile; fileRef = A6D3B42D199F2F0200862D65 /* SWSlideshowCSViewController.m */; };
		A6D3B435199F361F00862D65 /* gradient.png in Resources */ = {isa = PBXBuildFile; fileRef = A6D3B434199F361F00862D65 /* gradient.png */; };
		A6D3B439199F3A2A00862D65 /* JBKenBurnsView.m in Sources */ = {isa = PBXBuildFile; fileRef = A6D3B438199F3A2A00862D65 /* JBKenBurnsView.m */; };
		A6D3B43D199F5F6200862D65 /* anime-eye.png in Resources */ = {isa = PBXBuildFile; fileRef = A6D3B43A199F5F6200862D65 /* anime-eye.png */; };
		A6D3B43E199F5F6200862D65 /* ATcellorangekillingacancercellmauve1.jpg in Resources */ = {isa = PBXBuildFile; fileRef = A6D3B43B199F5F6200862D65 /* ATcellorangekillingacancercellmauve1.jpg */; };
		A6D3B43F199F5F6200862D65 /* attenae-galaxy.jpg in Resources */ = {isa = PBXBuildFile; fileRef = A6D3B43C199F5F6200862D65 /* attenae-galaxy.jpg */; };
		CD36B1EC198ABB0500DACE30 /* SWRunProgramTableViewController.m in Sources */ = {isa = PBXBuildFile; fileRef = CD36B1EB198ABB0500DACE30 /* SWRunProgramTableViewController.m */; };
		CD37147819847EE500CC0F68 /* SWBasicFireViewController.m in Sources */ = {isa = PBXBuildFile; fileRef = CD37147719847EE500CC0F68 /* SWBasicFireViewController.m */; };
		CD37148019848C8A00CC0F68 /* SWRadThingController.m in Sources */ = {isa = PBXBuildFile; fileRef = CD37147F19848C8A00CC0F68 /* SWRadThingController.m */; };
		CD37148319892AAE00CC0F68 /* SWKineticEnergyAccumulatorViewController.m in Sources */ = {isa = PBXBuildFile; fileRef = CD37148219892AAE00CC0F68 /* SWKineticEnergyAccumulatorViewController.m */; };
		CD652C1F19A6F11400FE35CB /* SWSettingViewController.m in Sources */ = {isa = PBXBuildFile; fileRef = CD652C1E19A6F11400FE35CB /* SWSettingViewController.m */; };
		CD652C2619A6F72100FE35CB /* SWFireController.m in Sources */ = {isa = PBXBuildFile; fileRef = CD652C2519A6F72100FE35CB /* SWFireController.m */; };
		CD7B9F90199BCFCB00B77258 /* SWNoiseViewController.m in Sources */ = {isa = PBXBuildFile; fileRef = CD7B9F8F199BCFCB00B77258 /* SWNoiseViewController.m */; };
		CD7B9F93199BD74A00B77258 /* SWHeartbeatViewController.m in Sources */ = {isa = PBXBuildFile; fileRef = CD7B9F92199BD74A00B77258 /* SWHeartbeatViewController.m */; };
		CD9565C219808C560081BB67 /* Foundation.framework in Frameworks */ = {isa = PBXBuildFile; fileRef = CD9565C119808C560081BB67 /* Foundation.framework */; };
		CD9565C419808C560081BB67 /* CoreGraphics.framework in Frameworks */ = {isa = PBXBuildFile; fileRef = CD9565C319808C560081BB67 /* CoreGraphics.framework */; };
		CD9565C619808C560081BB67 /* UIKit.framework in Frameworks */ = {isa = PBXBuildFile; fileRef = CD9565C519808C560081BB67 /* UIKit.framework */; };
		CD9565CC19808C560081BB67 /* InfoPlist.strings in Resources */ = {isa = PBXBuildFile; fileRef = CD9565CA19808C560081BB67 /* InfoPlist.strings */; };
		CD9565CE19808C560081BB67 /* main.m in Sources */ = {isa = PBXBuildFile; fileRef = CD9565CD19808C560081BB67 /* main.m */; };
		CD9565D219808C560081BB67 /* SWAppDelegate.m in Sources */ = {isa = PBXBuildFile; fileRef = CD9565D119808C560081BB67 /* SWAppDelegate.m */; };
		CD9565D519808C560081BB67 /* Main.storyboard in Resources */ = {isa = PBXBuildFile; fileRef = CD9565D319808C560081BB67 /* Main.storyboard */; };
		CD9565D819808C560081BB67 /* SWMasterViewController.m in Sources */ = {isa = PBXBuildFile; fileRef = CD9565D719808C560081BB67 /* SWMasterViewController.m */; };
		CD9565DD19808C560081BB67 /* Images.xcassets in Resources */ = {isa = PBXBuildFile; fileRef = CD9565DC19808C560081BB67 /* Images.xcassets */; };
		CD9565E419808C560081BB67 /* XCTest.framework in Frameworks */ = {isa = PBXBuildFile; fileRef = CD9565E319808C560081BB67 /* XCTest.framework */; };
		CD9565E519808C570081BB67 /* Foundation.framework in Frameworks */ = {isa = PBXBuildFile; fileRef = CD9565C119808C560081BB67 /* Foundation.framework */; };
		CD9565E619808C570081BB67 /* UIKit.framework in Frameworks */ = {isa = PBXBuildFile; fileRef = CD9565C519808C560081BB67 /* UIKit.framework */; };
		CD9565EE19808C570081BB67 /* InfoPlist.strings in Resources */ = {isa = PBXBuildFile; fileRef = CD9565EC19808C570081BB67 /* InfoPlist.strings */; };
		CD9565F019808C570081BB67 /* LEDControlTests.m in Sources */ = {isa = PBXBuildFile; fileRef = CD9565EF19808C570081BB67 /* LEDControlTests.m */; };
		CD9565FB1981EF650081BB67 /* SWBasicLEDControlViewController.m in Sources */ = {isa = PBXBuildFile; fileRef = CD9565FA1981EF650081BB67 /* SWBasicLEDControlViewController.m */; };
		CD9565FE1981F2830081BB67 /* SWLEDController.m in Sources */ = {isa = PBXBuildFile; fileRef = CD9565FD1981F2830081BB67 /* SWLEDController.m */; };
		CD956601198202950081BB67 /* SWGyroViewController.m in Sources */ = {isa = PBXBuildFile; fileRef = CD956600198202950081BB67 /* SWGyroViewController.m */; };
		CDAEC655199C287500F4A379 /* SWStaticViewController.m in Sources */ = {isa = PBXBuildFile; fileRef = CDAEC654199C287500F4A379 /* SWStaticViewController.m */; };
		CDAEC658199F103000F4A379 /* SWWaveFlickrViewController.m in Sources */ = {isa = PBXBuildFile; fileRef = CDAEC657199F103000F4A379 /* SWWaveFlickrViewController.m */; };
/* End PBXBuildFile section */

/* Begin PBXContainerItemProxy section */
		CD9565E719808C570081BB67 /* PBXContainerItemProxy */ = {
			isa = PBXContainerItemProxy;
			containerPortal = CD9565B619808C560081BB67 /* Project object */;
			proxyType = 1;
			remoteGlobalIDString = CD9565BD19808C560081BB67;
			remoteInfo = LEDControl;
		};
/* End PBXContainerItemProxy section */

/* Begin PBXFileReference section */
		380413DD423A46D7AFB9717C /* Pods-LEDControl.xcconfig */ = {isa = PBXFileReference; includeInIndex = 1; lastKnownFileType = text.xcconfig; name = "Pods-LEDControl.xcconfig"; path = "Pods/Pods-LEDControl.xcconfig"; sourceTree = "<group>"; };
		A617349619A57EF700BA69E1 /* SWWebCSViewController.h */ = {isa = PBXFileReference; fileEncoding = 4; lastKnownFileType = sourcecode.c.h; path = SWWebCSViewController.h; sourceTree = "<group>"; };
		A617349719A57EF700BA69E1 /* SWWebCSViewController.m */ = {isa = PBXFileReference; fileEncoding = 4; lastKnownFileType = sourcecode.c.objc; path = SWWebCSViewController.m; sourceTree = "<group>"; };
		A617349919A6BE1B00BA69E1 /* SWScrollingTextCSViewController.h */ = {isa = PBXFileReference; fileEncoding = 4; lastKnownFileType = sourcecode.c.h; path = SWScrollingTextCSViewController.h; sourceTree = "<group>"; };
		A617349A19A6BE1B00BA69E1 /* SWScrollingTextCSViewController.m */ = {isa = PBXFileReference; fileEncoding = 4; lastKnownFileType = sourcecode.c.objc; path = SWScrollingTextCSViewController.m; sourceTree = "<group>"; };
		A6857792199FAA55001C291D /* ELCAlbumPickerController.h */ = {isa = PBXFileReference; fileEncoding = 4; lastKnownFileType = sourcecode.c.h; path = ELCAlbumPickerController.h; sourceTree = "<group>"; };
		A6857793199FAA55001C291D /* ELCAlbumPickerController.m */ = {isa = PBXFileReference; fileEncoding = 4; lastKnownFileType = sourcecode.c.objc; path = ELCAlbumPickerController.m; sourceTree = "<group>"; };
		A6857794199FAA55001C291D /* ELCAsset.h */ = {isa = PBXFileReference; fileEncoding = 4; lastKnownFileType = sourcecode.c.h; path = ELCAsset.h; sourceTree = "<group>"; };
		A6857795199FAA55001C291D /* ELCAsset.m */ = {isa = PBXFileReference; fileEncoding = 4; lastKnownFileType = sourcecode.c.objc; path = ELCAsset.m; sourceTree = "<group>"; };
		A6857796199FAA55001C291D /* ELCAssetCell.h */ = {isa = PBXFileReference; fileEncoding = 4; lastKnownFileType = sourcecode.c.h; path = ELCAssetCell.h; sourceTree = "<group>"; };
		A6857797199FAA55001C291D /* ELCAssetCell.m */ = {isa = PBXFileReference; fileEncoding = 4; lastKnownFileType = sourcecode.c.objc; path = ELCAssetCell.m; sourceTree = "<group>"; };
		A6857798199FAA55001C291D /* ELCAssetPickerFilterDelegate.h */ = {isa = PBXFileReference; fileEncoding = 4; lastKnownFileType = sourcecode.c.h; path = ELCAssetPickerFilterDelegate.h; sourceTree = "<group>"; };
		A6857799199FAA55001C291D /* ELCAssetSelectionDelegate.h */ = {isa = PBXFileReference; fileEncoding = 4; lastKnownFileType = sourcecode.c.h; path = ELCAssetSelectionDelegate.h; sourceTree = "<group>"; };
		A685779A199FAA55001C291D /* ELCAssetTablePicker.h */ = {isa = PBXFileReference; fileEncoding = 4; lastKnownFileType = sourcecode.c.h; path = ELCAssetTablePicker.h; sourceTree = "<group>"; };
		A685779B199FAA55001C291D /* ELCAssetTablePicker.m */ = {isa = PBXFileReference; fileEncoding = 4; lastKnownFileType = sourcecode.c.objc; path = ELCAssetTablePicker.m; sourceTree = "<group>"; };
		A685779C199FAA55001C291D /* ELCConsole.h */ = {isa = PBXFileReference; fileEncoding = 4; lastKnownFileType = sourcecode.c.h; path = ELCConsole.h; sourceTree = "<group>"; };
		A685779D199FAA55001C291D /* ELCConsole.m */ = {isa = PBXFileReference; fileEncoding = 4; lastKnownFileType = sourcecode.c.objc; path = ELCConsole.m; sourceTree = "<group>"; };
		A685779E199FAA55001C291D /* ELCImagePickerController.h */ = {isa = PBXFileReference; fileEncoding = 4; lastKnownFileType = sourcecode.c.h; path = ELCImagePickerController.h; sourceTree = "<group>"; };
		A685779F199FAA55001C291D /* ELCImagePickerController.m */ = {isa = PBXFileReference; fileEncoding = 4; lastKnownFileType = sourcecode.c.objc; path = ELCImagePickerController.m; sourceTree = "<group>"; };
		A68577A0199FAA55001C291D /* ELCImagePickerHeader.h */ = {isa = PBXFileReference; fileEncoding = 4; lastKnownFileType = sourcecode.c.h; path = ELCImagePickerHeader.h; sourceTree = "<group>"; };
		A68577A1199FAA55001C291D /* ELCOverlayImageView.h */ = {isa = PBXFileReference; fileEncoding = 4; lastKnownFileType = sourcecode.c.h; path = ELCOverlayImageView.h; sourceTree = "<group>"; };
		A68577A2199FAA55001C291D /* ELCOverlayImageView.m */ = {isa = PBXFileReference; fileEncoding = 4; lastKnownFileType = sourcecode.c.objc; path = ELCOverlayImageView.m; sourceTree = "<group>"; };
		A68577A4199FAA55001C291D /* ELCAlbumPickerController.xib */ = {isa = PBXFileReference; fileEncoding = 4; lastKnownFileType = file.xib; path = ELCAlbumPickerController.xib; sourceTree = "<group>"; };
		A68577A5199FAA55001C291D /* ELCAssetPicker.xib */ = {isa = PBXFileReference; fileEncoding = 4; lastKnownFileType = file.xib; path = ELCAssetPicker.xib; sourceTree = "<group>"; };
		A68577A6199FAA55001C291D /* ELCAssetTablePicker.xib */ = {isa = PBXFileReference; fileEncoding = 4; lastKnownFileType = file.xib; path = ELCAssetTablePicker.xib; sourceTree = "<group>"; };
		A68577A7199FAA55001C291D /* Overlay.png */ = {isa = PBXFileReference; lastKnownFileType = image.png; path = Overlay.png; sourceTree = "<group>"; };
		A68577A8199FAA55001C291D /* Overlay@2x.png */ = {isa = PBXFileReference; lastKnownFileType = image.png; path = "Overlay@2x.png"; sourceTree = "<group>"; };
		A68577B6199FAA88001C291D /* EYLargePhoto.h */ = {isa = PBXFileReference; fileEncoding = 4; lastKnownFileType = sourcecode.c.h; path = EYLargePhoto.h; sourceTree = "<group>"; };
		A68577B7199FAA88001C291D /* EYLargePhoto.m */ = {isa = PBXFileReference; fileEncoding = 4; lastKnownFileType = sourcecode.c.objc; path = EYLargePhoto.m; sourceTree = "<group>"; };
		A68577B8199FAA88001C291D /* EYLargePhotoHeader.h */ = {isa = PBXFileReference; fileEncoding = 4; lastKnownFileType = sourcecode.c.h; path = EYLargePhotoHeader.h; sourceTree = "<group>"; };
		A68577B9199FAA88001C291D /* EYLargePhotoManager.h */ = {isa = PBXFileReference; fileEncoding = 4; lastKnownFileType = sourcecode.c.h; path = EYLargePhotoManager.h; sourceTree = "<group>"; };
		A68577BA199FAA88001C291D /* EYLargePhotoManager.m */ = {isa = PBXFileReference; fileEncoding = 4; lastKnownFileType = sourcecode.c.objc; path = EYLargePhotoManager.m; sourceTree = "<group>"; };
		A68577BB199FAA88001C291D /* UIImage+EYFixOrientation.h */ = {isa = PBXFileReference; fileEncoding = 4; lastKnownFileType = sourcecode.c.h; path = "UIImage+EYFixOrientation.h"; sourceTree = "<group>"; };
		A68577BC199FAA88001C291D /* UIImage+EYFixOrientation.m */ = {isa = PBXFileReference; fileEncoding = 4; lastKnownFileType = sourcecode.c.objc; path = "UIImage+EYFixOrientation.m"; sourceTree = "<group>"; };
		A68577C0199FC53A001C291D /* AssetsLibrary.framework */ = {isa = PBXFileReference; lastKnownFileType = wrapper.framework; name = AssetsLibrary.framework; path = System/Library/Frameworks/AssetsLibrary.framework; sourceTree = SDKROOT; };
		A698B3B619A45726009F1339 /* bomb_25x25@2x.png */ = {isa = PBXFileReference; lastKnownFileType = image.png; path = "bomb_25x25@2x.png"; sourceTree = "<group>"; };
		A698B3B719A45726009F1339 /* pills_25x25@2x.png */ = {isa = PBXFileReference; lastKnownFileType = image.png; path = "pills_25x25@2x.png"; sourceTree = "<group>"; };
		A6D3B422199F2EF300862D65 /* SWWebSocketViewController.h */ = {isa = PBXFileReference; fileEncoding = 4; lastKnownFileType = sourcecode.c.h; path = SWWebSocketViewController.h; sourceTree = "<group>"; };
		A6D3B423199F2EF300862D65 /* SWWebSocketViewController.m */ = {isa = PBXFileReference; fileEncoding = 4; lastKnownFileType = sourcecode.c.objc; path = SWWebSocketViewController.m; sourceTree = "<group>"; };
		A6D3B428199F2F0200862D65 /* CaptureAndSendBitmapOperation.h */ = {isa = PBXFileReference; fileEncoding = 4; lastKnownFileType = sourcecode.c.h; path = CaptureAndSendBitmapOperation.h; sourceTree = "<group>"; };
		A6D3B429199F2F0200862D65 /* CaptureAndSendBitmapOperation.m */ = {isa = PBXFileReference; fileEncoding = 4; lastKnownFileType = sourcecode.c.objc; path = CaptureAndSendBitmapOperation.m; sourceTree = "<group>"; };
		A6D3B42A199F2F0200862D65 /* SWContentStreamViewController.h */ = {isa = PBXFileReference; fileEncoding = 4; lastKnownFileType = sourcecode.c.h; path = SWContentStreamViewController.h; sourceTree = "<group>"; };
		A6D3B42B199F2F0200862D65 /* SWContentStreamViewController.m */ = {isa = PBXFileReference; fileEncoding = 4; lastKnownFileType = sourcecode.c.objc; path = SWContentStreamViewController.m; sourceTree = "<group>"; };
		A6D3B42C199F2F0200862D65 /* SWSlideshowCSViewController.h */ = {isa = PBXFileReference; fileEncoding = 4; lastKnownFileType = sourcecode.c.h; path = SWSlideshowCSViewController.h; sourceTree = "<group>"; };
		A6D3B42D199F2F0200862D65 /* SWSlideshowCSViewController.m */ = {isa = PBXFileReference; fileEncoding = 4; lastKnownFileType = sourcecode.c.objc; path = SWSlideshowCSViewController.m; sourceTree = "<group>"; };
		A6D3B434199F361F00862D65 /* gradient.png */ = {isa = PBXFileReference; lastKnownFileType = image.png; path = gradient.png; sourceTree = "<group>"; };
		A6D3B437199F3A2A00862D65 /* JBKenBurnsView.h */ = {isa = PBXFileReference; fileEncoding = 4; lastKnownFileType = sourcecode.c.h; path = JBKenBurnsView.h; sourceTree = "<group>"; };
		A6D3B438199F3A2A00862D65 /* JBKenBurnsView.m */ = {isa = PBXFileReference; fileEncoding = 4; lastKnownFileType = sourcecode.c.objc; path = JBKenBurnsView.m; sourceTree = "<group>"; };
		A6D3B43A199F5F6200862D65 /* anime-eye.png */ = {isa = PBXFileReference; lastKnownFileType = image.png; path = "anime-eye.png"; sourceTree = "<group>"; };
		A6D3B43B199F5F6200862D65 /* ATcellorangekillingacancercellmauve1.jpg */ = {isa = PBXFileReference; lastKnownFileType = image.jpeg; path = ATcellorangekillingacancercellmauve1.jpg; sourceTree = "<group>"; };
		A6D3B43C199F5F6200862D65 /* attenae-galaxy.jpg */ = {isa = PBXFileReference; lastKnownFileType = image.jpeg; path = "attenae-galaxy.jpg"; sourceTree = "<group>"; };
		CD36B1EA198ABB0500DACE30 /* SWRunProgramTableViewController.h */ = {isa = PBXFileReference; fileEncoding = 4; lastKnownFileType = sourcecode.c.h; path = SWRunProgramTableViewController.h; sourceTree = "<group>"; };
		CD36B1EB198ABB0500DACE30 /* SWRunProgramTableViewController.m */ = {isa = PBXFileReference; fileEncoding = 4; lastKnownFileType = sourcecode.c.objc; path = SWRunProgramTableViewController.m; sourceTree = "<group>"; };
		CD37147619847EE500CC0F68 /* SWBasicFireViewController.h */ = {isa = PBXFileReference; fileEncoding = 4; lastKnownFileType = sourcecode.c.h; path = SWBasicFireViewController.h; sourceTree = "<group>"; };
		CD37147719847EE500CC0F68 /* SWBasicFireViewController.m */ = {isa = PBXFileReference; fileEncoding = 4; lastKnownFileType = sourcecode.c.objc; path = SWBasicFireViewController.m; sourceTree = "<group>"; };
		CD37147E19848C8A00CC0F68 /* SWRadThingController.h */ = {isa = PBXFileReference; fileEncoding = 4; lastKnownFileType = sourcecode.c.h; path = SWRadThingController.h; sourceTree = "<group>"; };
		CD37147F19848C8A00CC0F68 /* SWRadThingController.m */ = {isa = PBXFileReference; fileEncoding = 4; lastKnownFileType = sourcecode.c.objc; path = SWRadThingController.m; sourceTree = "<group>"; };
		CD37148119892AAE00CC0F68 /* SWKineticEnergyAccumulatorViewController.h */ = {isa = PBXFileReference; fileEncoding = 4; lastKnownFileType = sourcecode.c.h; path = SWKineticEnergyAccumulatorViewController.h; sourceTree = "<group>"; };
		CD37148219892AAE00CC0F68 /* SWKineticEnergyAccumulatorViewController.m */ = {isa = PBXFileReference; fileEncoding = 4; lastKnownFileType = sourcecode.c.objc; path = SWKineticEnergyAccumulatorViewController.m; sourceTree = "<group>"; };
		CD652C1D19A6F11400FE35CB /* SWSettingViewController.h */ = {isa = PBXFileReference; fileEncoding = 4; lastKnownFileType = sourcecode.c.h; path = SWSettingViewController.h; sourceTree = "<group>"; };
		CD652C1E19A6F11400FE35CB /* SWSettingViewController.m */ = {isa = PBXFileReference; fileEncoding = 4; lastKnownFileType = sourcecode.c.objc; path = SWSettingViewController.m; sourceTree = "<group>"; };
		CD652C2019A6F54900FE35CB /* SWConstants.h */ = {isa = PBXFileReference; fileEncoding = 4; lastKnownFileType = sourcecode.c.h; path = SWConstants.h; sourceTree = "<group>"; };
		CD652C2419A6F72100FE35CB /* SWFireController.h */ = {isa = PBXFileReference; fileEncoding = 4; lastKnownFileType = sourcecode.c.h; path = SWFireController.h; sourceTree = "<group>"; };
		CD652C2519A6F72100FE35CB /* SWFireController.m */ = {isa = PBXFileReference; fileEncoding = 4; lastKnownFileType = sourcecode.c.objc; path = SWFireController.m; sourceTree = "<group>"; };
		CD7B9F8E199BCFCB00B77258 /* SWNoiseViewController.h */ = {isa = PBXFileReference; fileEncoding = 4; lastKnownFileType = sourcecode.c.h; path = SWNoiseViewController.h; sourceTree = "<group>"; };
		CD7B9F8F199BCFCB00B77258 /* SWNoiseViewController.m */ = {isa = PBXFileReference; fileEncoding = 4; lastKnownFileType = sourcecode.c.objc; path = SWNoiseViewController.m; sourceTree = "<group>"; };
		CD7B9F91199BD74A00B77258 /* SWHeartbeatViewController.h */ = {isa = PBXFileReference; fileEncoding = 4; lastKnownFileType = sourcecode.c.h; path = SWHeartbeatViewController.h; sourceTree = "<group>"; };
		CD7B9F92199BD74A00B77258 /* SWHeartbeatViewController.m */ = {isa = PBXFileReference; fileEncoding = 4; lastKnownFileType = sourcecode.c.objc; path = SWHeartbeatViewController.m; sourceTree = "<group>"; };
		CD9565BE19808C560081BB67 /* LEDControl.app */ = {isa = PBXFileReference; explicitFileType = wrapper.application; includeInIndex = 0; path = LEDControl.app; sourceTree = BUILT_PRODUCTS_DIR; };
		CD9565C119808C560081BB67 /* Foundation.framework */ = {isa = PBXFileReference; lastKnownFileType = wrapper.framework; name = Foundation.framework; path = System/Library/Frameworks/Foundation.framework; sourceTree = SDKROOT; };
		CD9565C319808C560081BB67 /* CoreGraphics.framework */ = {isa = PBXFileReference; lastKnownFileType = wrapper.framework; name = CoreGraphics.framework; path = System/Library/Frameworks/CoreGraphics.framework; sourceTree = SDKROOT; };
		CD9565C519808C560081BB67 /* UIKit.framework */ = {isa = PBXFileReference; lastKnownFileType = wrapper.framework; name = UIKit.framework; path = System/Library/Frameworks/UIKit.framework; sourceTree = SDKROOT; };
		CD9565C919808C560081BB67 /* LEDControl-Info.plist */ = {isa = PBXFileReference; lastKnownFileType = text.plist.xml; path = "LEDControl-Info.plist"; sourceTree = "<group>"; };
		CD9565CB19808C560081BB67 /* en */ = {isa = PBXFileReference; lastKnownFileType = text.plist.strings; name = en; path = en.lproj/InfoPlist.strings; sourceTree = "<group>"; };
		CD9565CD19808C560081BB67 /* main.m */ = {isa = PBXFileReference; lastKnownFileType = sourcecode.c.objc; path = main.m; sourceTree = "<group>"; };
		CD9565CF19808C560081BB67 /* LEDControl-Prefix.pch */ = {isa = PBXFileReference; lastKnownFileType = sourcecode.c.h; path = "LEDControl-Prefix.pch"; sourceTree = "<group>"; };
		CD9565D019808C560081BB67 /* SWAppDelegate.h */ = {isa = PBXFileReference; lastKnownFileType = sourcecode.c.h; path = SWAppDelegate.h; sourceTree = "<group>"; };
		CD9565D119808C560081BB67 /* SWAppDelegate.m */ = {isa = PBXFileReference; lastKnownFileType = sourcecode.c.objc; path = SWAppDelegate.m; sourceTree = "<group>"; };
		CD9565D419808C560081BB67 /* Base */ = {isa = PBXFileReference; lastKnownFileType = file.storyboard; name = Base; path = Base.lproj/Main.storyboard; sourceTree = "<group>"; };
		CD9565D619808C560081BB67 /* SWMasterViewController.h */ = {isa = PBXFileReference; lastKnownFileType = sourcecode.c.h; path = SWMasterViewController.h; sourceTree = "<group>"; };
		CD9565D719808C560081BB67 /* SWMasterViewController.m */ = {isa = PBXFileReference; lastKnownFileType = sourcecode.c.objc; path = SWMasterViewController.m; sourceTree = "<group>"; };
		CD9565DC19808C560081BB67 /* Images.xcassets */ = {isa = PBXFileReference; lastKnownFileType = folder.assetcatalog; path = Images.xcassets; sourceTree = "<group>"; };
		CD9565E219808C560081BB67 /* LEDControlTests.xctest */ = {isa = PBXFileReference; explicitFileType = wrapper.cfbundle; includeInIndex = 0; path = LEDControlTests.xctest; sourceTree = BUILT_PRODUCTS_DIR; };
		CD9565E319808C560081BB67 /* XCTest.framework */ = {isa = PBXFileReference; lastKnownFileType = wrapper.framework; name = XCTest.framework; path = Library/Frameworks/XCTest.framework; sourceTree = DEVELOPER_DIR; };
		CD9565EB19808C570081BB67 /* LEDControlTests-Info.plist */ = {isa = PBXFileReference; lastKnownFileType = text.plist.xml; path = "LEDControlTests-Info.plist"; sourceTree = "<group>"; };
		CD9565ED19808C570081BB67 /* en */ = {isa = PBXFileReference; lastKnownFileType = text.plist.strings; name = en; path = en.lproj/InfoPlist.strings; sourceTree = "<group>"; };
		CD9565EF19808C570081BB67 /* LEDControlTests.m */ = {isa = PBXFileReference; lastKnownFileType = sourcecode.c.objc; path = LEDControlTests.m; sourceTree = "<group>"; };
		CD9565F91981EF650081BB67 /* SWBasicLEDControlViewController.h */ = {isa = PBXFileReference; fileEncoding = 4; lastKnownFileType = sourcecode.c.h; path = SWBasicLEDControlViewController.h; sourceTree = "<group>"; };
		CD9565FA1981EF650081BB67 /* SWBasicLEDControlViewController.m */ = {isa = PBXFileReference; fileEncoding = 4; lastKnownFileType = sourcecode.c.objc; path = SWBasicLEDControlViewController.m; sourceTree = "<group>"; };
		CD9565FC1981F2830081BB67 /* SWLEDController.h */ = {isa = PBXFileReference; fileEncoding = 4; lastKnownFileType = sourcecode.c.h; path = SWLEDController.h; sourceTree = "<group>"; };
		CD9565FD1981F2830081BB67 /* SWLEDController.m */ = {isa = PBXFileReference; fileEncoding = 4; lastKnownFileType = sourcecode.c.objc; path = SWLEDController.m; sourceTree = "<group>"; };
		CD9565FF198202950081BB67 /* SWGyroViewController.h */ = {isa = PBXFileReference; fileEncoding = 4; lastKnownFileType = sourcecode.c.h; path = SWGyroViewController.h; sourceTree = "<group>"; };
		CD956600198202950081BB67 /* SWGyroViewController.m */ = {isa = PBXFileReference; fileEncoding = 4; lastKnownFileType = sourcecode.c.objc; path = SWGyroViewController.m; sourceTree = "<group>"; };
		CDAEC653199C287500F4A379 /* SWStaticViewController.h */ = {isa = PBXFileReference; fileEncoding = 4; lastKnownFileType = sourcecode.c.h; path = SWStaticViewController.h; sourceTree = "<group>"; };
		CDAEC654199C287500F4A379 /* SWStaticViewController.m */ = {isa = PBXFileReference; fileEncoding = 4; lastKnownFileType = sourcecode.c.objc; path = SWStaticViewController.m; sourceTree = "<group>"; };
		CDAEC656199F103000F4A379 /* SWWaveFlickrViewController.h */ = {isa = PBXFileReference; fileEncoding = 4; lastKnownFileType = sourcecode.c.h; path = SWWaveFlickrViewController.h; sourceTree = "<group>"; };
		CDAEC657199F103000F4A379 /* SWWaveFlickrViewController.m */ = {isa = PBXFileReference; fileEncoding = 4; lastKnownFileType = sourcecode.c.objc; path = SWWaveFlickrViewController.m; sourceTree = "<group>"; };
		D4A120044E91469D83A537E4 /* libPods-LEDControl.a */ = {isa = PBXFileReference; explicitFileType = archive.ar; includeInIndex = 0; path = "libPods-LEDControl.a"; sourceTree = BUILT_PRODUCTS_DIR; };
/* End PBXFileReference section */

/* Begin PBXFrameworksBuildPhase section */
		CD9565BB19808C560081BB67 /* Frameworks */ = {
			isa = PBXFrameworksBuildPhase;
			buildActionMask = 2147483647;
			files = (
				A68577C1199FC53A001C291D /* AssetsLibrary.framework in Frameworks */,
				CD9565C419808C560081BB67 /* CoreGraphics.framework in Frameworks */,
				CD9565C619808C560081BB67 /* UIKit.framework in Frameworks */,
				CD9565C219808C560081BB67 /* Foundation.framework in Frameworks */,
				61E7C79AB33C46A081FB92E6 /* libPods-LEDControl.a in Frameworks */,
			);
			runOnlyForDeploymentPostprocessing = 0;
		};
		CD9565DF19808C560081BB67 /* Frameworks */ = {
			isa = PBXFrameworksBuildPhase;
			buildActionMask = 2147483647;
			files = (
				CD9565E419808C560081BB67 /* XCTest.framework in Frameworks */,
				CD9565E619808C570081BB67 /* UIKit.framework in Frameworks */,
				CD9565E519808C570081BB67 /* Foundation.framework in Frameworks */,
			);
			runOnlyForDeploymentPostprocessing = 0;
		};
/* End PBXFrameworksBuildPhase section */

/* Begin PBXGroup section */
		A6857791199FAA55001C291D /* ELCImagePicker */ = {
			isa = PBXGroup;
			children = (
				A6857792199FAA55001C291D /* ELCAlbumPickerController.h */,
				A6857793199FAA55001C291D /* ELCAlbumPickerController.m */,
				A6857794199FAA55001C291D /* ELCAsset.h */,
				A6857795199FAA55001C291D /* ELCAsset.m */,
				A6857796199FAA55001C291D /* ELCAssetCell.h */,
				A6857797199FAA55001C291D /* ELCAssetCell.m */,
				A6857798199FAA55001C291D /* ELCAssetPickerFilterDelegate.h */,
				A6857799199FAA55001C291D /* ELCAssetSelectionDelegate.h */,
				A685779A199FAA55001C291D /* ELCAssetTablePicker.h */,
				A685779B199FAA55001C291D /* ELCAssetTablePicker.m */,
				A685779C199FAA55001C291D /* ELCConsole.h */,
				A685779D199FAA55001C291D /* ELCConsole.m */,
				A685779E199FAA55001C291D /* ELCImagePickerController.h */,
				A685779F199FAA55001C291D /* ELCImagePickerController.m */,
				A68577A0199FAA55001C291D /* ELCImagePickerHeader.h */,
				A68577A1199FAA55001C291D /* ELCOverlayImageView.h */,
				A68577A2199FAA55001C291D /* ELCOverlayImageView.m */,
				A68577A3199FAA55001C291D /* Resources */,
			);
			path = ELCImagePicker;
			sourceTree = "<group>";
		};
		A68577A3199FAA55001C291D /* Resources */ = {
			isa = PBXGroup;
			children = (
				A68577A4199FAA55001C291D /* ELCAlbumPickerController.xib */,
				A68577A5199FAA55001C291D /* ELCAssetPicker.xib */,
				A68577A6199FAA55001C291D /* ELCAssetTablePicker.xib */,
				A68577A7199FAA55001C291D /* Overlay.png */,
				A68577A8199FAA55001C291D /* Overlay@2x.png */,
			);
			path = Resources;
			sourceTree = "<group>";
		};
		A68577B5199FAA88001C291D /* EYLargePhoto */ = {
			isa = PBXGroup;
			children = (
				A68577B6199FAA88001C291D /* EYLargePhoto.h */,
				A68577B7199FAA88001C291D /* EYLargePhoto.m */,
				A68577B8199FAA88001C291D /* EYLargePhotoHeader.h */,
				A68577B9199FAA88001C291D /* EYLargePhotoManager.h */,
				A68577BA199FAA88001C291D /* EYLargePhotoManager.m */,
				A68577BB199FAA88001C291D /* UIImage+EYFixOrientation.h */,
				A68577BC199FAA88001C291D /* UIImage+EYFixOrientation.m */,
			);
			path = EYLargePhoto;
			sourceTree = "<group>";
		};
		A6D3B425199F2F0200862D65 /* ContentStreamers */ = {
			isa = PBXGroup;
			children = (
				A6D3B426199F2F0200862D65 /* assets */,
				A68577B5199FAA88001C291D /* EYLargePhoto */,
				A6857791199FAA55001C291D /* ELCImagePicker */,
				A6D3B436199F3A2A00862D65 /* KenBurns */,
				A6D3B428199F2F0200862D65 /* CaptureAndSendBitmapOperation.h */,
				A6D3B429199F2F0200862D65 /* CaptureAndSendBitmapOperation.m */,
				A6D3B42A199F2F0200862D65 /* SWContentStreamViewController.h */,
				A6D3B42B199F2F0200862D65 /* SWContentStreamViewController.m */,
				A6D3B42C199F2F0200862D65 /* SWSlideshowCSViewController.h */,
				A6D3B42D199F2F0200862D65 /* SWSlideshowCSViewController.m */,
				A617349619A57EF700BA69E1 /* SWWebCSViewController.h */,
				A617349719A57EF700BA69E1 /* SWWebCSViewController.m */,
				A617349919A6BE1B00BA69E1 /* SWScrollingTextCSViewController.h */,
				A617349A19A6BE1B00BA69E1 /* SWScrollingTextCSViewController.m */,
			);
			path = ContentStreamers;
			sourceTree = "<group>";
		};
		A6D3B426199F2F0200862D65 /* assets */ = {
			isa = PBXGroup;
			children = (
				A698B3B619A45726009F1339 /* bomb_25x25@2x.png */,
				A698B3B719A45726009F1339 /* pills_25x25@2x.png */,
				A6D3B43A199F5F6200862D65 /* anime-eye.png */,
				A6D3B43B199F5F6200862D65 /* ATcellorangekillingacancercellmauve1.jpg */,
				A6D3B43C199F5F6200862D65 /* attenae-galaxy.jpg */,
				A6D3B434199F361F00862D65 /* gradient.png */,
			);
			path = assets;
			sourceTree = "<group>";
		};
		A6D3B436199F3A2A00862D65 /* KenBurns */ = {
			isa = PBXGroup;
			children = (
				A6D3B437199F3A2A00862D65 /* JBKenBurnsView.h */,
				A6D3B438199F3A2A00862D65 /* JBKenBurnsView.m */,
			);
			path = KenBurns;
			sourceTree = "<group>";
		};
		CD37147C19848B5E00CC0F68 /* Controllers */ = {
			isa = PBXGroup;
			children = (
				CD652C2419A6F72100FE35CB /* SWFireController.h */,
				CD652C2519A6F72100FE35CB /* SWFireController.m */,
				CD37147E19848C8A00CC0F68 /* SWRadThingController.h */,
				CD37147F19848C8A00CC0F68 /* SWRadThingController.m */,
				CD9565FC1981F2830081BB67 /* SWLEDController.h */,
				CD9565FD1981F2830081BB67 /* SWLEDController.m */,
			);
			name = Controllers;
			sourceTree = "<group>";
		};
		CD37147D19848B6F00CC0F68 /* ViewControllers */ = {
			isa = PBXGroup;
			children = (
				A6D3B425199F2F0200862D65 /* ContentStreamers */,
				A6D3B422199F2EF300862D65 /* SWWebSocketViewController.h */,
				A6D3B423199F2EF300862D65 /* SWWebSocketViewController.m */,
				CD9565D619808C560081BB67 /* SWMasterViewController.h */,
				CD9565D719808C560081BB67 /* SWMasterViewController.m */,
				CD9565F91981EF650081BB67 /* SWBasicLEDControlViewController.h */,
				CD9565FA1981EF650081BB67 /* SWBasicLEDControlViewController.m */,
				CD9565FF198202950081BB67 /* SWGyroViewController.h */,
				CD956600198202950081BB67 /* SWGyroViewController.m */,
				CD37147619847EE500CC0F68 /* SWBasicFireViewController.h */,
				CD37147719847EE500CC0F68 /* SWBasicFireViewController.m */,
				CD37148119892AAE00CC0F68 /* SWKineticEnergyAccumulatorViewController.h */,
				CD37148219892AAE00CC0F68 /* SWKineticEnergyAccumulatorViewController.m */,
				CD36B1EA198ABB0500DACE30 /* SWRunProgramTableViewController.h */,
				CD36B1EB198ABB0500DACE30 /* SWRunProgramTableViewController.m */,
				CD7B9F8E199BCFCB00B77258 /* SWNoiseViewController.h */,
				CD7B9F8F199BCFCB00B77258 /* SWNoiseViewController.m */,
				CD7B9F91199BD74A00B77258 /* SWHeartbeatViewController.h */,
				CD7B9F92199BD74A00B77258 /* SWHeartbeatViewController.m */,
				CDAEC653199C287500F4A379 /* SWStaticViewController.h */,
				CDAEC654199C287500F4A379 /* SWStaticViewController.m */,
				CDAEC656199F103000F4A379 /* SWWaveFlickrViewController.h */,
				CDAEC657199F103000F4A379 /* SWWaveFlickrViewController.m */,
				CD652C1D19A6F11400FE35CB /* SWSettingViewController.h */,
				CD652C1E19A6F11400FE35CB /* SWSettingViewController.m */,
			);
			name = ViewControllers;
			sourceTree = "<group>";
		};
		CD9565B519808C560081BB67 = {
			isa = PBXGroup;
			children = (
				CD9565C719808C560081BB67 /* LEDControl */,
				CD9565E919808C570081BB67 /* LEDControlTests */,
				CD9565C019808C560081BB67 /* Frameworks */,
				CD9565BF19808C560081BB67 /* Products */,
				380413DD423A46D7AFB9717C /* Pods-LEDControl.xcconfig */,
			);
			sourceTree = "<group>";
		};
		CD9565BF19808C560081BB67 /* Products */ = {
			isa = PBXGroup;
			children = (
				CD9565BE19808C560081BB67 /* LEDControl.app */,
				CD9565E219808C560081BB67 /* LEDControlTests.xctest */,
			);
			name = Products;
			sourceTree = "<group>";
		};
		CD9565C019808C560081BB67 /* Frameworks */ = {
			isa = PBXGroup;
			children = (
				A68577C0199FC53A001C291D /* AssetsLibrary.framework */,
				CD9565C119808C560081BB67 /* Foundation.framework */,
				CD9565C319808C560081BB67 /* CoreGraphics.framework */,
				CD9565C519808C560081BB67 /* UIKit.framework */,
				CD9565E319808C560081BB67 /* XCTest.framework */,
				D4A120044E91469D83A537E4 /* libPods-LEDControl.a */,
			);
			name = Frameworks;
			sourceTree = "<group>";
		};
		CD9565C719808C560081BB67 /* LEDControl */ = {
			isa = PBXGroup;
			children = (
				CD37147D19848B6F00CC0F68 /* ViewControllers */,
				CD37147C19848B5E00CC0F68 /* Controllers */,
				CD9565DC19808C560081BB67 /* Images.xcassets */,
				CD9565C819808C560081BB67 /* Supporting Files */,
				CD9565D319808C560081BB67 /* Main.storyboard */,
				CD9565D019808C560081BB67 /* SWAppDelegate.h */,
				CD9565D119808C560081BB67 /* SWAppDelegate.m */,
				CD652C2019A6F54900FE35CB /* SWConstants.h */,
			);
			path = LEDControl;
			sourceTree = "<group>";
		};
		CD9565C819808C560081BB67 /* Supporting Files */ = {
			isa = PBXGroup;
			children = (
				CD9565C919808C560081BB67 /* LEDControl-Info.plist */,
				CD9565CA19808C560081BB67 /* InfoPlist.strings */,
				CD9565CD19808C560081BB67 /* main.m */,
				CD9565CF19808C560081BB67 /* LEDControl-Prefix.pch */,
			);
			name = "Supporting Files";
			sourceTree = "<group>";
		};
		CD9565E919808C570081BB67 /* LEDControlTests */ = {
			isa = PBXGroup;
			children = (
				CD9565EF19808C570081BB67 /* LEDControlTests.m */,
				CD9565EA19808C570081BB67 /* Supporting Files */,
			);
			path = LEDControlTests;
			sourceTree = "<group>";
		};
		CD9565EA19808C570081BB67 /* Supporting Files */ = {
			isa = PBXGroup;
			children = (
				CD9565EB19808C570081BB67 /* LEDControlTests-Info.plist */,
				CD9565EC19808C570081BB67 /* InfoPlist.strings */,
			);
			name = "Supporting Files";
			sourceTree = "<group>";
		};
/* End PBXGroup section */

/* Begin PBXNativeTarget section */
		CD9565BD19808C560081BB67 /* LEDControl */ = {
			isa = PBXNativeTarget;
			buildConfigurationList = CD9565F319808C570081BB67 /* Build configuration list for PBXNativeTarget "LEDControl" */;
			buildPhases = (
				625BFF1C08FF423AAFCB9C0B /* Check Pods Manifest.lock */,
				CD9565BA19808C560081BB67 /* Sources */,
				CD9565BB19808C560081BB67 /* Frameworks */,
				CD9565BC19808C560081BB67 /* Resources */,
				2E5CEC4B255244AAA8AA019D /* Copy Pods Resources */,
			);
			buildRules = (
			);
			dependencies = (
			);
			name = LEDControl;
			productName = LEDControl;
			productReference = CD9565BE19808C560081BB67 /* LEDControl.app */;
			productType = "com.apple.product-type.application";
		};
		CD9565E119808C560081BB67 /* LEDControlTests */ = {
			isa = PBXNativeTarget;
			buildConfigurationList = CD9565F619808C570081BB67 /* Build configuration list for PBXNativeTarget "LEDControlTests" */;
			buildPhases = (
				CD9565DE19808C560081BB67 /* Sources */,
				CD9565DF19808C560081BB67 /* Frameworks */,
				CD9565E019808C560081BB67 /* Resources */,
			);
			buildRules = (
			);
			dependencies = (
				CD9565E819808C570081BB67 /* PBXTargetDependency */,
			);
			name = LEDControlTests;
			productName = LEDControlTests;
			productReference = CD9565E219808C560081BB67 /* LEDControlTests.xctest */;
			productType = "com.apple.product-type.bundle.unit-test";
		};
/* End PBXNativeTarget section */

/* Begin PBXProject section */
		CD9565B619808C560081BB67 /* Project object */ = {
			isa = PBXProject;
			attributes = {
				CLASSPREFIX = SW;
				LastUpgradeCheck = 0510;
				ORGANIZATIONNAME = "Chad Berkley";
				TargetAttributes = {
					CD9565BD19808C560081BB67 = {
						DevelopmentTeam = Q6GT3ALT4R;
					};
					CD9565E119808C560081BB67 = {
						TestTargetID = CD9565BD19808C560081BB67;
					};
				};
			};
			buildConfigurationList = CD9565B919808C560081BB67 /* Build configuration list for PBXProject "LEDControl" */;
			compatibilityVersion = "Xcode 3.2";
			developmentRegion = English;
			hasScannedForEncodings = 0;
			knownRegions = (
				en,
				Base,
			);
			mainGroup = CD9565B519808C560081BB67;
			productRefGroup = CD9565BF19808C560081BB67 /* Products */;
			projectDirPath = "";
			projectRoot = "";
			targets = (
				CD9565BD19808C560081BB67 /* LEDControl */,
				CD9565E119808C560081BB67 /* LEDControlTests */,
			);
		};
/* End PBXProject section */

/* Begin PBXResourcesBuildPhase section */
		CD9565BC19808C560081BB67 /* Resources */ = {
			isa = PBXResourcesBuildPhase;
			buildActionMask = 2147483647;
			files = (
				A698B3B819A45726009F1339 /* bomb_25x25@2x.png in Resources */,
				A6D3B43E199F5F6200862D65 /* ATcellorangekillingacancercellmauve1.jpg in Resources */,
				CD9565DD19808C560081BB67 /* Images.xcassets in Resources */,
				A68577B2199FAA55001C291D /* ELCAssetTablePicker.xib in Resources */,
				A6D3B435199F361F00862D65 /* gradient.png in Resources */,
				A68577B3199FAA55001C291D /* Overlay.png in Resources */,
				A698B3B919A45726009F1339 /* pills_25x25@2x.png in Resources */,
				A68577B4199FAA55001C291D /* Overlay@2x.png in Resources */,
				CD9565CC19808C560081BB67 /* InfoPlist.strings in Resources */,
				A68577B0199FAA55001C291D /* ELCAlbumPickerController.xib in Resources */,
				A6D3B43F199F5F6200862D65 /* attenae-galaxy.jpg in Resources */,
				A68577B1199FAA55001C291D /* ELCAssetPicker.xib in Resources */,
				CD9565D519808C560081BB67 /* Main.storyboard in Resources */,
				A6D3B43D199F5F6200862D65 /* anime-eye.png in Resources */,
			);
			runOnlyForDeploymentPostprocessing = 0;
		};
		CD9565E019808C560081BB67 /* Resources */ = {
			isa = PBXResourcesBuildPhase;
			buildActionMask = 2147483647;
			files = (
				CD9565EE19808C570081BB67 /* InfoPlist.strings in Resources */,
			);
			runOnlyForDeploymentPostprocessing = 0;
		};
/* End PBXResourcesBuildPhase section */

/* Begin PBXShellScriptBuildPhase section */
		2E5CEC4B255244AAA8AA019D /* Copy Pods Resources */ = {
			isa = PBXShellScriptBuildPhase;
			buildActionMask = 2147483647;
			files = (
			);
			inputPaths = (
			);
			name = "Copy Pods Resources";
			outputPaths = (
			);
			runOnlyForDeploymentPostprocessing = 0;
			shellPath = /bin/sh;
			shellScript = "\"${SRCROOT}/Pods/Pods-LEDControl-resources.sh\"\n";
			showEnvVarsInLog = 0;
		};
		625BFF1C08FF423AAFCB9C0B /* Check Pods Manifest.lock */ = {
			isa = PBXShellScriptBuildPhase;
			buildActionMask = 2147483647;
			files = (
			);
			inputPaths = (
			);
			name = "Check Pods Manifest.lock";
			outputPaths = (
			);
			runOnlyForDeploymentPostprocessing = 0;
			shellPath = /bin/sh;
			shellScript = "diff \"${PODS_ROOT}/../Podfile.lock\" \"${PODS_ROOT}/Manifest.lock\" > /dev/null\nif [[ $? != 0 ]] ; then\n    cat << EOM\nerror: The sandbox is not in sync with the Podfile.lock. Run 'pod install' or update your CocoaPods installation.\nEOM\n    exit 1\nfi\n";
			showEnvVarsInLog = 0;
		};
/* End PBXShellScriptBuildPhase section */

/* Begin PBXSourcesBuildPhase section */
		CD9565BA19808C560081BB67 /* Sources */ = {
			isa = PBXSourcesBuildPhase;
			buildActionMask = 2147483647;
			files = (
				CD9565D219808C560081BB67 /* SWAppDelegate.m in Sources */,
				CD7B9F90199BCFCB00B77258 /* SWNoiseViewController.m in Sources */,
				A68577BF199FAA88001C291D /* UIImage+EYFixOrientation.m in Sources */,
				CD36B1EC198ABB0500DACE30 /* SWRunProgramTableViewController.m in Sources */,
				A68577BD199FAA88001C291D /* EYLargePhoto.m in Sources */,
				CD652C2619A6F72100FE35CB /* SWFireController.m in Sources */,
				CDAEC655199C287500F4A379 /* SWStaticViewController.m in Sources */,
				A617349B19A6BE1B00BA69E1 /* SWScrollingTextCSViewController.m in Sources */,
				A6D3B431199F2F0200862D65 /* SWSlideshowCSViewController.m in Sources */,
				CD37147819847EE500CC0F68 /* SWBasicFireViewController.m in Sources */,
				A6D3B430199F2F0200862D65 /* SWContentStreamViewController.m in Sources */,
				CD652C1F19A6F11400FE35CB /* SWSettingViewController.m in Sources */,
				A68577AE199FAA55001C291D /* ELCImagePickerController.m in Sources */,
				A68577A9199FAA55001C291D /* ELCAlbumPickerController.m in Sources */,
				A6D3B424199F2EF300862D65 /* SWWebSocketViewController.m in Sources */,
				A68577AC199FAA55001C291D /* ELCAssetTablePicker.m in Sources */,
				A6D3B42F199F2F0200862D65 /* CaptureAndSendBitmapOperation.m in Sources */,
				CD37148319892AAE00CC0F68 /* SWKineticEnergyAccumulatorViewController.m in Sources */,
				CD9565FB1981EF650081BB67 /* SWBasicLEDControlViewController.m in Sources */,
				CD9565CE19808C560081BB67 /* main.m in Sources */,
				A68577AF199FAA55001C291D /* ELCOverlayImageView.m in Sources */,
				CDAEC658199F103000F4A379 /* SWWaveFlickrViewController.m in Sources */,
				A68577AA199FAA55001C291D /* ELCAsset.m in Sources */,
				A6D3B439199F3A2A00862D65 /* JBKenBurnsView.m in Sources */,
				A68577BE199FAA88001C291D /* EYLargePhotoManager.m in Sources */,
				A68577AD199FAA55001C291D /* ELCConsole.m in Sources */,
				CD9565FE1981F2830081BB67 /* SWLEDController.m in Sources */,
				CD9565D819808C560081BB67 /* SWMasterViewController.m in Sources */,
				A617349819A57EF700BA69E1 /* SWWebCSViewController.m in Sources */,
				A68577AB199FAA55001C291D /* ELCAssetCell.m in Sources */,
				CD956601198202950081BB67 /* SWGyroViewController.m in Sources */,
				CD7B9F93199BD74A00B77258 /* SWHeartbeatViewController.m in Sources */,
				CD37148019848C8A00CC0F68 /* SWRadThingController.m in Sources */,
			);
			runOnlyForDeploymentPostprocessing = 0;
		};
		CD9565DE19808C560081BB67 /* Sources */ = {
			isa = PBXSourcesBuildPhase;
			buildActionMask = 2147483647;
			files = (
				CD9565F019808C570081BB67 /* LEDControlTests.m in Sources */,
			);
			runOnlyForDeploymentPostprocessing = 0;
		};
/* End PBXSourcesBuildPhase section */

/* Begin PBXTargetDependency section */
		CD9565E819808C570081BB67 /* PBXTargetDependency */ = {
			isa = PBXTargetDependency;
			target = CD9565BD19808C560081BB67 /* LEDControl */;
			targetProxy = CD9565E719808C570081BB67 /* PBXContainerItemProxy */;
		};
/* End PBXTargetDependency section */

/* Begin PBXVariantGroup section */
		CD9565CA19808C560081BB67 /* InfoPlist.strings */ = {
			isa = PBXVariantGroup;
			children = (
				CD9565CB19808C560081BB67 /* en */,
			);
			name = InfoPlist.strings;
			sourceTree = "<group>";
		};
		CD9565D319808C560081BB67 /* Main.storyboard */ = {
			isa = PBXVariantGroup;
			children = (
				CD9565D419808C560081BB67 /* Base */,
			);
			name = Main.storyboard;
			sourceTree = "<group>";
		};
		CD9565EC19808C570081BB67 /* InfoPlist.strings */ = {
			isa = PBXVariantGroup;
			children = (
				CD9565ED19808C570081BB67 /* en */,
			);
			name = InfoPlist.strings;
			sourceTree = "<group>";
		};
/* End PBXVariantGroup section */

/* Begin XCBuildConfiguration section */
		CD9565F119808C570081BB67 /* Debug */ = {
			isa = XCBuildConfiguration;
			buildSettings = {
				ALWAYS_SEARCH_USER_PATHS = NO;
				CLANG_CXX_LANGUAGE_STANDARD = "gnu++0x";
				CLANG_CXX_LIBRARY = "libc++";
				CLANG_ENABLE_MODULES = YES;
				CLANG_ENABLE_OBJC_ARC = YES;
				CLANG_WARN_BOOL_CONVERSION = YES;
				CLANG_WARN_CONSTANT_CONVERSION = YES;
				CLANG_WARN_DIRECT_OBJC_ISA_USAGE = YES_ERROR;
				CLANG_WARN_EMPTY_BODY = YES;
				CLANG_WARN_ENUM_CONVERSION = YES;
				CLANG_WARN_INT_CONVERSION = YES;
				CLANG_WARN_OBJC_ROOT_CLASS = YES_ERROR;
				CLANG_WARN__DUPLICATE_METHOD_MATCH = YES;
				"CODE_SIGN_IDENTITY[sdk=iphoneos*]" = "iPhone Developer";
				COPY_PHASE_STRIP = NO;
				GCC_C_LANGUAGE_STANDARD = gnu99;
				GCC_DYNAMIC_NO_PIC = NO;
				GCC_OPTIMIZATION_LEVEL = 0;
				GCC_PREPROCESSOR_DEFINITIONS = (
					"DEBUG=1",
					"$(inherited)",
				);
				GCC_SYMBOLS_PRIVATE_EXTERN = NO;
				GCC_WARN_64_TO_32_BIT_CONVERSION = YES;
				GCC_WARN_ABOUT_RETURN_TYPE = YES_ERROR;
				GCC_WARN_UNDECLARED_SELECTOR = YES;
				GCC_WARN_UNINITIALIZED_AUTOS = YES_AGGRESSIVE;
				GCC_WARN_UNUSED_FUNCTION = YES;
				GCC_WARN_UNUSED_VARIABLE = YES;
				IPHONEOS_DEPLOYMENT_TARGET = 7.1;
				ONLY_ACTIVE_ARCH = YES;
				SDKROOT = iphoneos;
			};
			name = Debug;
		};
		CD9565F219808C570081BB67 /* Release */ = {
			isa = XCBuildConfiguration;
			buildSettings = {
				ALWAYS_SEARCH_USER_PATHS = NO;
				CLANG_CXX_LANGUAGE_STANDARD = "gnu++0x";
				CLANG_CXX_LIBRARY = "libc++";
				CLANG_ENABLE_MODULES = YES;
				CLANG_ENABLE_OBJC_ARC = YES;
				CLANG_WARN_BOOL_CONVERSION = YES;
				CLANG_WARN_CONSTANT_CONVERSION = YES;
				CLANG_WARN_DIRECT_OBJC_ISA_USAGE = YES_ERROR;
				CLANG_WARN_EMPTY_BODY = YES;
				CLANG_WARN_ENUM_CONVERSION = YES;
				CLANG_WARN_INT_CONVERSION = YES;
				CLANG_WARN_OBJC_ROOT_CLASS = YES_ERROR;
				CLANG_WARN__DUPLICATE_METHOD_MATCH = YES;
				"CODE_SIGN_IDENTITY[sdk=iphoneos*]" = "iPhone Developer";
				COPY_PHASE_STRIP = YES;
				ENABLE_NS_ASSERTIONS = NO;
				GCC_C_LANGUAGE_STANDARD = gnu99;
				GCC_WARN_64_TO_32_BIT_CONVERSION = YES;
				GCC_WARN_ABOUT_RETURN_TYPE = YES_ERROR;
				GCC_WARN_UNDECLARED_SELECTOR = YES;
				GCC_WARN_UNINITIALIZED_AUTOS = YES_AGGRESSIVE;
				GCC_WARN_UNUSED_FUNCTION = YES;
				GCC_WARN_UNUSED_VARIABLE = YES;
				IPHONEOS_DEPLOYMENT_TARGET = 7.1;
				SDKROOT = iphoneos;
				VALIDATE_PRODUCT = YES;
			};
			name = Release;
		};
		CD9565F419808C570081BB67 /* Debug */ = {
			isa = XCBuildConfiguration;
			baseConfigurationReference = 380413DD423A46D7AFB9717C /* Pods-LEDControl.xcconfig */;
			buildSettings = {
				ASSETCATALOG_COMPILER_APPICON_NAME = AppIcon;
				ASSETCATALOG_COMPILER_LAUNCHIMAGE_NAME = LaunchImage;
				CODE_SIGN_IDENTITY = "iPhone Developer";
				"CODE_SIGN_IDENTITY[sdk=iphoneos*]" = "iPhone Developer";
				GCC_PRECOMPILE_PREFIX_HEADER = YES;
				GCC_PREFIX_HEADER = "LEDControl/LEDControl-Prefix.pch";
				INFOPLIST_FILE = "LEDControl/LEDControl-Info.plist";
				IPHONEOS_DEPLOYMENT_TARGET = 7.0;
				PRODUCT_NAME = "$(TARGET_NAME)";
				PROVISIONING_PROFILE = "";
				WRAPPER_EXTENSION = app;
			};
			name = Debug;
		};
		CD9565F519808C570081BB67 /* Release */ = {
			isa = XCBuildConfiguration;
			baseConfigurationReference = 380413DD423A46D7AFB9717C /* Pods-LEDControl.xcconfig */;
			buildSettings = {
				ASSETCATALOG_COMPILER_APPICON_NAME = AppIcon;
				ASSETCATALOG_COMPILER_LAUNCHIMAGE_NAME = LaunchImage;
				CODE_SIGN_IDENTITY = "iPhone Developer";
				"CODE_SIGN_IDENTITY[sdk=iphoneos*]" = "iPhone Developer";
				GCC_PRECOMPILE_PREFIX_HEADER = YES;
				GCC_PREFIX_HEADER = "LEDControl/LEDControl-Prefix.pch";
				INFOPLIST_FILE = "LEDControl/LEDControl-Info.plist";
				IPHONEOS_DEPLOYMENT_TARGET = 7.0;
				PRODUCT_NAME = "$(TARGET_NAME)";
				PROVISIONING_PROFILE = "";
				WRAPPER_EXTENSION = app;
			};
			name = Release;
		};
		CD9565F719808C570081BB67 /* Debug */ = {
			isa = XCBuildConfiguration;
			buildSettings = {
				BUNDLE_LOADER = "$(BUILT_PRODUCTS_DIR)/LEDControl.app/LEDControl";
				FRAMEWORK_SEARCH_PATHS = (
					"$(SDKROOT)/Developer/Library/Frameworks",
					"$(inherited)",
					"$(DEVELOPER_FRAMEWORKS_DIR)",
				);
				GCC_PRECOMPILE_PREFIX_HEADER = YES;
				GCC_PREFIX_HEADER = "LEDControl/LEDControl-Prefix.pch";
				GCC_PREPROCESSOR_DEFINITIONS = (
					"DEBUG=1",
					"$(inherited)",
				);
				INFOPLIST_FILE = "LEDControlTests/LEDControlTests-Info.plist";
				PRODUCT_NAME = "$(TARGET_NAME)";
				TEST_HOST = "$(BUNDLE_LOADER)";
				WRAPPER_EXTENSION = xctest;
			};
			name = Debug;
		};
		CD9565F819808C570081BB67 /* Release */ = {
			isa = XCBuildConfiguration;
			buildSettings = {
				BUNDLE_LOADER = "$(BUILT_PRODUCTS_DIR)/LEDControl.app/LEDControl";
				FRAMEWORK_SEARCH_PATHS = (
					"$(SDKROOT)/Developer/Library/Frameworks",
					"$(inherited)",
					"$(DEVELOPER_FRAMEWORKS_DIR)",
				);
				GCC_PRECOMPILE_PREFIX_HEADER = YES;
				GCC_PREFIX_HEADER = "LEDControl/LEDControl-Prefix.pch";
				INFOPLIST_FILE = "LEDControlTests/LEDControlTests-Info.plist";
				PRODUCT_NAME = "$(TARGET_NAME)";
				TEST_HOST = "$(BUNDLE_LOADER)";
				WRAPPER_EXTENSION = xctest;
			};
			name = Release;
		};
/* End XCBuildConfiguration section */

/* Begin XCConfigurationList section */
		CD9565B919808C560081BB67 /* Build configuration list for PBXProject "LEDControl" */ = {
			isa = XCConfigurationList;
			buildConfigurations = (
				CD9565F119808C570081BB67 /* Debug */,
				CD9565F219808C570081BB67 /* Release */,
			);
			defaultConfigurationIsVisible = 0;
			defaultConfigurationName = Release;
		};
		CD9565F319808C570081BB67 /* Build configuration list for PBXNativeTarget "LEDControl" */ = {
			isa = XCConfigurationList;
			buildConfigurations = (
				CD9565F419808C570081BB67 /* Debug */,
				CD9565F519808C570081BB67 /* Release */,
			);
			defaultConfigurationIsVisible = 0;
			defaultConfigurationName = Release;
		};
		CD9565F619808C570081BB67 /* Build configuration list for PBXNativeTarget "LEDControlTests" */ = {
			isa = XCConfigurationList;
			buildConfigurations = (
				CD9565F719808C570081BB67 /* Debug */,
				CD9565F819808C570081BB67 /* Release */,
			);
			defaultConfigurationIsVisible = 0;
			defaultConfigurationName = Release;
		};
/* End XCConfigurationList section */
	};
	rootObject = CD9565B619808C560081BB67 /* Project object */;
}
